<?xml version="1.0" encoding="utf-8"?>
<Project ToolsVersion="4.0" xmlns="http://schemas.microsoft.com/developer/msbuild/2003">
  <ItemGroup>
    <ClCompile Include="WinMain.cpp" />
    <ClCompile Include="GameState\ReShieldInGameState.cpp">
      <Filter>GameState</Filter>
    </ClCompile>
    <ClCompile Include="GameState\ReShieldMainMenuState.cpp">
      <Filter>GameState</Filter>
    </ClCompile>
    <ClCompile Include="GameState\ReShieldPreGameState.cpp">
      <Filter>GameState</Filter>
    </ClCompile>
    <ClCompile Include="GameState\ReShieldQuitState.cpp">
      <Filter>GameState</Filter>
    </ClCompile>
    <ClCompile Include="Debug.cpp" />
  </ItemGroup>
  <ItemGroup>
    <Filter Include="GameState">
      <UniqueIdentifier>{6abcc6fa-3598-4db4-823a-497939d8dc4e}</UniqueIdentifier>
    </Filter>
    <Filter Include="Data">
      <UniqueIdentifier>{225bda10-f34b-4bcb-ac60-0a9a1198ad2a}</UniqueIdentifier>
    </Filter>
    <Filter Include="Save">
      <UniqueIdentifier>{a5aa8a67-a497-4165-8b57-d44ee2d26780}</UniqueIdentifier>
    </Filter>
  </ItemGroup>
  <ItemGroup>
    <ClInclude Include="GameState\ReShieldInGameState.hpp">
      <Filter>GameState</Filter>
    </ClInclude>
    <ClInclude Include="GameState\ReShieldPreGameState.hpp">
      <Filter>GameState</Filter>
    </ClInclude>
    <ClInclude Include="GameState\ReShieldMainMenuState.hpp">
      <Filter>GameState</Filter>
    </ClInclude>
    <ClInclude Include="GameState\ReShieldQuitState.hpp">
      <Filter>GameState</Filter>
    </ClInclude>
    <ClInclude Include="ReShield.hpp" />
    <ClInclude Include="Data\ReShieldData.hpp">
      <Filter>Data</Filter>
    </ClInclude>
    <ClInclude Include="Debug.hpp" />
  </ItemGroup>
  <ItemGroup>
    <None Include="..\save\save.sav">
      <Filter>Save</Filter>
    </None>
    <None Include="packages.config" />
  </ItemGroup>
</Project>